
Microsoft Visual Studio Solution File, Format Version 12.00
# Visual Studio Version 17
VisualStudioVersion = 17.4.33205.214
MinimumVisualStudioVersion = 10.0.40219.1
Project("{FAE04EC0-301F-11D3-BF4B-00C04F79EFBC}") = "AppWPF", "AppWPF\AppWPF.csproj", "{F7F59E4E-22FC-48E4-B0B0-F7CB3CEB6AFF}"
EndProject
Global
	GlobalSection(SolutionConfigurationPlatforms) = preSolution
		Debug|Any CPU = Debug|Any CPU
		Release|Any CPU = Release|Any CPU
	EndGlobalSection
	GlobalSection(ProjectConfigurationPlatforms) = postSolution
		{F7F59E4E-22FC-48E4-B0B0-F7CB3CEB6AFF}.Debug|Any CPU.ActiveCfg = Debug|Any CPU
		{F7F59E4E-22FC-48E4-B0B0-F7CB3CEB6AFF}.Debug|Any CPU.Build.0 = Debug|Any CPU
		{F7F59E4E-22FC-48E4-B0B0-F7CB3CEB6AFF}.Release|Any CPU.ActiveCfg = Release|Any CPU
		{F7F59E4E-22FC-48E4-B0B0-F7CB3CEB6AFF}.Release|Any CPU.Build.0 = Release|Any CPU
	EndGlobalSection
	GlobalSection(SolutionProperties) = preSolution
		HideSolutionNode = FALSE
	EndGlobalSection
	GlobalSection(ExtensibilityGlobals) = postSolution
		SolutionGuid = {B3A12CE8-2590-4C18-A331-2C9B1A0C465B}
	EndGlobalSection
EndGlobal
